
Microsoft Visual Studio Solution File, Format Version 12.00
# Visual Studio Version 16
VisualStudioVersion = 16.0.29911.84
MinimumVisualStudioVersion = 10.0.40219.1
Project("{FAE04EC0-301F-11D3-BF4B-00C04F79EFBC}") = "LogSearchTool", "LogSearchTool.csproj", "{00A6CAE9-83DF-409C-B892-77E49C6F6DA3}"
EndProject
Global
	GlobalSection(SolutionConfigurationPlatforms) = preSolution
		Debug|Any CPU = Debug|Any CPU
		Release|Any CPU = Release|Any CPU
	EndGlobalSection
	GlobalSection(ProjectConfigurationPlatforms) = postSolution
		{00A6CAE9-83DF-409C-B892-77E49C6F6DA3}.Debug|Any CPU.ActiveCfg = Debug|Any CPU
		{00A6CAE9-83DF-409C-B892-77E49C6F6DA3}.Debug|Any CPU.Build.0 = Debug|Any CPU
		{00A6CAE9-83DF-409C-B892-77E49C6F6DA3}.Release|Any CPU.ActiveCfg = Release|Any CPU
		{00A6CAE9-83DF-409C-B892-77E49C6F6DA3}.Release|Any CPU.Build.0 = Release|Any CPU
	EndGlobalSection
	GlobalSection(SolutionProperties) = preSolution
		HideSolutionNode = FALSE
	EndGlobalSection
	GlobalSection(ExtensibilityGlobals) = postSolution
		SolutionGuid = {C27B5740-E8CA-47FF-96F6-EB1E109B72FC}
	EndGlobalSection
EndGlobal
